
Microsoft Visual Studio Solution File, Format Version 12.00
# Visual Studio Version 17
VisualStudioVersion = 17.1.32407.343
MinimumVisualStudioVersion = 10.0.40219.1
Project("{FAE04EC0-301F-11D3-BF4B-00C04F79EFBC}") = "buscar_losPrimeros_n_numerosPrimos", "buscar_losPrimeros_n_numerosPrimos\buscar_losPrimeros_n_numerosPrimos.csproj", "{3F437EFE-61FF-4E84-8836-B8FDF0ED620F}"
EndProject
Global
	GlobalSection(SolutionConfigurationPlatforms) = preSolution
		Debug|Any CPU = Debug|Any CPU
		Release|Any CPU = Release|Any CPU
	EndGlobalSection
	GlobalSection(ProjectConfigurationPlatforms) = postSolution
		{3F437EFE-61FF-4E84-8836-B8FDF0ED620F}.Debug|Any CPU.ActiveCfg = Debug|Any CPU
		{3F437EFE-61FF-4E84-8836-B8FDF0ED620F}.Debug|Any CPU.Build.0 = Debug|Any CPU
		{3F437EFE-61FF-4E84-8836-B8FDF0ED620F}.Release|Any CPU.ActiveCfg = Release|Any CPU
		{3F437EFE-61FF-4E84-8836-B8FDF0ED620F}.Release|Any CPU.Build.0 = Release|Any CPU
	EndGlobalSection
	GlobalSection(SolutionProperties) = preSolution
		HideSolutionNode = FALSE
	EndGlobalSection
	GlobalSection(ExtensibilityGlobals) = postSolution
		SolutionGuid = {E7E01E4E-A47D-424A-A75F-D15A37761989}
	EndGlobalSection
EndGlobal
